
Microsoft Visual Studio Solution File, Format Version 12.00
# Visual Studio Version 17
VisualStudioVersion = 17.11.35303.130
MinimumVisualStudioVersion = 10.0.40219.1
Project("{FAE04EC0-301F-11D3-BF4B-00C04F79EFBC}") = "Final Project Game", "Final Project Game\Final Project Game.csproj", "{3F26D76F-BD42-4073-9459-56201BED5D7E}"
EndProject
Global
	GlobalSection(SolutionConfigurationPlatforms) = preSolution
		Debug|Any CPU = Debug|Any CPU
		Release|Any CPU = Release|Any CPU
	EndGlobalSection
	GlobalSection(ProjectConfigurationPlatforms) = postSolution
		{3F26D76F-BD42-4073-9459-56201BED5D7E}.Debug|Any CPU.ActiveCfg = Debug|Any CPU
		{3F26D76F-BD42-4073-9459-56201BED5D7E}.Debug|Any CPU.Build.0 = Debug|Any CPU
		{3F26D76F-BD42-4073-9459-56201BED5D7E}.Release|Any CPU.ActiveCfg = Release|Any CPU
		{3F26D76F-BD42-4073-9459-56201BED5D7E}.Release|Any CPU.Build.0 = Release|Any CPU
	EndGlobalSection
	GlobalSection(SolutionProperties) = preSolution
		HideSolutionNode = FALSE
	EndGlobalSection
	GlobalSection(ExtensibilityGlobals) = postSolution
		SolutionGuid = {A53B6DDE-515D-4796-94FF-5EA68DDB588F}
	EndGlobalSection
EndGlobal
